
Microsoft Visual Studio Solution File, Format Version 12.00
# Visual Studio Version 17
VisualStudioVersion = 17.5.33627.172
MinimumVisualStudioVersion = 10.0.40219.1
Project("{9A19103F-16F7-4668-BE54-9A1E7A4F7556}") = "ConsoleApp", "ConsoleApp\ConsoleApp.csproj", "{5745A3C8-6B85-46F3-82BE-8B3C84F951B1}"
EndProject
Project("{9A19103F-16F7-4668-BE54-9A1E7A4F7556}") = "DbClassLibrary", "DbClassLibrary\DbClassLibrary.csproj", "{BFAD2688-AE86-4E5D-B85D-400BDF59D8F0}"
EndProject
Project("{2150E333-8FDC-42A3-9474-1A3956D46DE8}") = "Solution Items", "Solution Items", "{150E5DEC-1343-49A9-B722-37F6223495F1}"
	ProjectSection(SolutionItems) = preProject
		.editorconfig = .editorconfig
	EndProjectSection
EndProject
Project("{FAE04EC0-301F-11D3-BF4B-00C04F79EFBC}") = "DbClassLibrary.Tests", "DbClassLibrary.Tests\DbClassLibrary.Tests.csproj", "{64CA9353-FD75-4B20-B3F1-BE2FBF43BC23}"
EndProject
Global
	GlobalSection(SolutionConfigurationPlatforms) = preSolution
		Debug|Any CPU = Debug|Any CPU
		Release|Any CPU = Release|Any CPU
	EndGlobalSection
	GlobalSection(ProjectConfigurationPlatforms) = postSolution
		{5745A3C8-6B85-46F3-82BE-8B3C84F951B1}.Debug|Any CPU.ActiveCfg = Debug|Any CPU
		{5745A3C8-6B85-46F3-82BE-8B3C84F951B1}.Debug|Any CPU.Build.0 = Debug|Any CPU
		{5745A3C8-6B85-46F3-82BE-8B3C84F951B1}.Release|Any CPU.ActiveCfg = Release|Any CPU
		{5745A3C8-6B85-46F3-82BE-8B3C84F951B1}.Release|Any CPU.Build.0 = Release|Any CPU
		{BFAD2688-AE86-4E5D-B85D-400BDF59D8F0}.Debug|Any CPU.ActiveCfg = Debug|Any CPU
		{BFAD2688-AE86-4E5D-B85D-400BDF59D8F0}.Debug|Any CPU.Build.0 = Debug|Any CPU
		{BFAD2688-AE86-4E5D-B85D-400BDF59D8F0}.Release|Any CPU.ActiveCfg = Release|Any CPU
		{BFAD2688-AE86-4E5D-B85D-400BDF59D8F0}.Release|Any CPU.Build.0 = Release|Any CPU
		{64CA9353-FD75-4B20-B3F1-BE2FBF43BC23}.Debug|Any CPU.ActiveCfg = Debug|Any CPU
		{64CA9353-FD75-4B20-B3F1-BE2FBF43BC23}.Debug|Any CPU.Build.0 = Debug|Any CPU
		{64CA9353-FD75-4B20-B3F1-BE2FBF43BC23}.Release|Any CPU.ActiveCfg = Release|Any CPU
		{64CA9353-FD75-4B20-B3F1-BE2FBF43BC23}.Release|Any CPU.Build.0 = Release|Any CPU
	EndGlobalSection
	GlobalSection(SolutionProperties) = preSolution
		HideSolutionNode = FALSE
	EndGlobalSection
	GlobalSection(ExtensibilityGlobals) = postSolution
		SolutionGuid = {D123CE75-5307-4CF9-982F-F84D699DA947}
	EndGlobalSection
EndGlobal
